// !$*UTF8*$!
{
	archiveVersion = 1;
	classes = {
	};
	objectVersion = 56;
	objects = {

/* Begin PBXBuildFile section */
		140F919A2BCD8CA3009F01B5 /* DeleteContactPage.cpp in Sources */ = {isa = PBXBuildFile; fileRef = 140F91982BCD8CA3009F01B5 /* DeleteContactPage.cpp */; };
		140F919D2BCD8CE6009F01B5 /* EditContactPage.cpp in Sources */ = {isa = PBXBuildFile; fileRef = 140F919B2BCD8CE6009F01B5 /* EditContactPage.cpp */; };
		14A8298E2BC9E5E900C89E72 /* main.cpp in Sources */ = {isa = PBXBuildFile; fileRef = 14A8298D2BC9E5E900C89E72 /* main.cpp */; };
		14A829992BC9E7BB00C89E72 /* AddContactPage.cpp in Sources */ = {isa = PBXBuildFile; fileRef = 14A829972BC9E7BB00C89E72 /* AddContactPage.cpp */; };
		14A8299C2BC9E80D00C89E72 /* SearchContactPage.cpp in Sources */ = {isa = PBXBuildFile; fileRef = 14A8299A2BC9E80D00C89E72 /* SearchContactPage.cpp */; };
		14A829A22BC9EB7F00C89E72 /* ContactManaging.cpp in Sources */ = {isa = PBXBuildFile; fileRef = 14A829A02BC9EB7F00C89E72 /* ContactManaging.cpp */; };
/* End PBXBuildFile section */

/* Begin PBXCopyFilesBuildPhase section */
		14A829882BC9E5E900C89E72 /* CopyFiles */ = {
			isa = PBXCopyFilesBuildPhase;
			buildActionMask = 2147483647;
			dstPath = /usr/share/man/man1/;
			dstSubfolderSpec = 0;
			files = (
			);
			runOnlyForDeploymentPostprocessing = 1;
		};
/* End PBXCopyFilesBuildPhase section */

/* Begin PBXFileReference section */
		140F91982BCD8CA3009F01B5 /* DeleteContactPage.cpp */ = {isa = PBXFileReference; lastKnownFileType = sourcecode.cpp.cpp; path = DeleteContactPage.cpp; sourceTree = "<group>"; };
		140F91992BCD8CA3009F01B5 /* DeleteContactPage.hpp */ = {isa = PBXFileReference; lastKnownFileType = sourcecode.cpp.h; path = DeleteContactPage.hpp; sourceTree = "<group>"; };
		140F919B2BCD8CE6009F01B5 /* EditContactPage.cpp */ = {isa = PBXFileReference; lastKnownFileType = sourcecode.cpp.cpp; path = EditContactPage.cpp; sourceTree = "<group>"; };
		140F919C2BCD8CE6009F01B5 /* EditContactPage.hpp */ = {isa = PBXFileReference; lastKnownFileType = sourcecode.cpp.h; path = EditContactPage.hpp; sourceTree = "<group>"; };
		140F919F2BCD8E91009F01B5 /* Contact.hpp */ = {isa = PBXFileReference; lastKnownFileType = sourcecode.cpp.h; path = Contact.hpp; sourceTree = "<group>"; };
		14A8298A2BC9E5E900C89E72 /* ContactManager */ = {isa = PBXFileReference; explicitFileType = "compiled.mach-o.executable"; includeInIndex = 0; path = ContactManager; sourceTree = BUILT_PRODUCTS_DIR; };
		14A8298D2BC9E5E900C89E72 /* main.cpp */ = {isa = PBXFileReference; lastKnownFileType = sourcecode.cpp.cpp; path = main.cpp; sourceTree = "<group>"; };
		14A829972BC9E7BB00C89E72 /* AddContactPage.cpp */ = {isa = PBXFileReference; lastKnownFileType = sourcecode.cpp.cpp; path = AddContactPage.cpp; sourceTree = "<group>"; };
		14A829982BC9E7BB00C89E72 /* AddContactPage.hpp */ = {isa = PBXFileReference; lastKnownFileType = sourcecode.cpp.h; path = AddContactPage.hpp; sourceTree = "<group>"; };
		14A8299A2BC9E80D00C89E72 /* SearchContactPage.cpp */ = {isa = PBXFileReference; lastKnownFileType = sourcecode.cpp.cpp; path = SearchContactPage.cpp; sourceTree = "<group>"; };
		14A8299B2BC9E80D00C89E72 /* SearchContactPage.hpp */ = {isa = PBXFileReference; lastKnownFileType = sourcecode.cpp.h; path = SearchContactPage.hpp; sourceTree = "<group>"; };
		14A829A02BC9EB7F00C89E72 /* ContactManaging.cpp */ = {isa = PBXFileReference; lastKnownFileType = sourcecode.cpp.cpp; path = ContactManaging.cpp; sourceTree = "<group>"; };
		14A829A12BC9EB7F00C89E72 /* ContactManaging.hpp */ = {isa = PBXFileReference; lastKnownFileType = sourcecode.cpp.h; path = ContactManaging.hpp; sourceTree = "<group>"; };
/* End PBXFileReference section */

/* Begin PBXFrameworksBuildPhase section */
		14A829872BC9E5E900C89E72 /* Frameworks */ = {
			isa = PBXFrameworksBuildPhase;
			buildActionMask = 2147483647;
			files = (
			);
			runOnlyForDeploymentPostprocessing = 0;
		};
/* End PBXFrameworksBuildPhase section */

/* Begin PBXGroup section */
		14A829812BC9E5E900C89E72 = {
			isa = PBXGroup;
			children = (
				14A8298C2BC9E5E900C89E72 /* ContactManager */,
				14A8298B2BC9E5E900C89E72 /* Products */,
			);
			sourceTree = "<group>";
		};
		14A8298B2BC9E5E900C89E72 /* Products */ = {
			isa = PBXGroup;
			children = (
				14A8298A2BC9E5E900C89E72 /* ContactManager */,
			);
			name = Products;
			sourceTree = "<group>";
		};
		14A8298C2BC9E5E900C89E72 /* ContactManager */ = {
			isa = PBXGroup;
			children = (
				14A8298D2BC9E5E900C89E72 /* main.cpp */,
				14A829972BC9E7BB00C89E72 /* AddContactPage.cpp */,
				14A829982BC9E7BB00C89E72 /* AddContactPage.hpp */,
				14A8299A2BC9E80D00C89E72 /* SearchContactPage.cpp */,
				14A8299B2BC9E80D00C89E72 /* SearchContactPage.hpp */,
				14A829A02BC9EB7F00C89E72 /* ContactManaging.cpp */,
				14A829A12BC9EB7F00C89E72 /* ContactManaging.hpp */,
				140F91982BCD8CA3009F01B5 /* DeleteContactPage.cpp */,
				140F91992BCD8CA3009F01B5 /* DeleteContactPage.hpp */,
				140F919B2BCD8CE6009F01B5 /* EditContactPage.cpp */,
				140F919C2BCD8CE6009F01B5 /* EditContactPage.hpp */,
				140F919F2BCD8E91009F01B5 /* Contact.hpp */,
			);
			path = ContactManager;
			sourceTree = "<group>";
		};
/* End PBXGroup section */

/* Begin PBXNativeTarget section */
		14A829892BC9E5E900C89E72 /* ContactManager */ = {
			isa = PBXNativeTarget;
			buildConfigurationList = 14A829912BC9E5E900C89E72 /* Build configuration list for PBXNativeTarget "ContactManager" */;
			buildPhases = (
				14A829862BC9E5E900C89E72 /* Sources */,
				14A829872BC9E5E900C89E72 /* Frameworks */,
				14A829882BC9E5E900C89E72 /* CopyFiles */,
			);
			buildRules = (
			);
			dependencies = (
			);
			name = ContactManager;
			productName = ContactManager;
			productReference = 14A8298A2BC9E5E900C89E72 /* ContactManager */;
			productType = "com.apple.product-type.tool";
		};
/* End PBXNativeTarget section */

/* Begin PBXProject section */
		14A829822BC9E5E900C89E72 /* Project object */ = {
			isa = PBXProject;
			attributes = {
				BuildIndependentTargetsInParallel = 1;
				LastUpgradeCheck = 1530;
				TargetAttributes = {
					14A829892BC9E5E900C89E72 = {
						CreatedOnToolsVersion = 15.3;
					};
				};
			};
			buildConfigurationList = 14A829852BC9E5E900C89E72 /* Build configuration list for PBXProject "ContactManager" */;
			compatibilityVersion = "Xcode 14.0";
			developmentRegion = en;
			hasScannedForEncodings = 0;
			knownRegions = (
				en,
				Base,
			);
			mainGroup = 14A829812BC9E5E900C89E72;
			productRefGroup = 14A8298B2BC9E5E900C89E72 /* Products */;
			projectDirPath = "";
			projectRoot = "";
			targets = (
				14A829892BC9E5E900C89E72 /* ContactManager */,
			);
		};
/* End PBXProject section */

/* Begin PBXSourcesBuildPhase section */
		14A829862BC9E5E900C89E72 /* Sources */ = {
			isa = PBXSourcesBuildPhase;
			buildActionMask = 2147483647;
			files = (
				14A829992BC9E7BB00C89E72 /* AddContactPage.cpp in Sources */,
				140F919D2BCD8CE6009F01B5 /* EditContactPage.cpp in Sources */,
				14A8299C2BC9E80D00C89E72 /* SearchContactPage.cpp in Sources */,
				14A829A22BC9EB7F00C89E72 /* ContactManaging.cpp in Sources */,
				14A8298E2BC9E5E900C89E72 /* main.cpp in Sources */,
				140F919A2BCD8CA3009F01B5 /* DeleteContactPage.cpp in Sources */,
			);
			runOnlyForDeploymentPostprocessing = 0;
		};
/* End PBXSourcesBuildPhase section */

/* Begin XCBuildConfiguration section */
		14A8298F2BC9E5E900C89E72 /* Debug */ = {
			isa = XCBuildConfiguration;
			buildSettings = {
				ALWAYS_SEARCH_USER_PATHS = NO;
				ASSETCATALOG_COMPILER_GENERATE_SWIFT_ASSET_SYMBOL_EXTENSIONS = YES;
				CLANG_ANALYZER_NONNULL = YES;
				CLANG_ANALYZER_NUMBER_OBJECT_CONVERSION = YES_AGGRESSIVE;
				CLANG_CXX_LANGUAGE_STANDARD = "gnu++20";
				CLANG_ENABLE_MODULES = YES;
				CLANG_ENABLE_OBJC_ARC = YES;
				CLANG_ENABLE_OBJC_WEAK = YES;
				CLANG_WARN_BLOCK_CAPTURE_AUTORELEASING = YES;
				CLANG_WARN_BOOL_CONVERSION = YES;
				CLANG_WARN_COMMA = YES;
				CLANG_WARN_CONSTANT_CONVERSION = YES;
				CLANG_WARN_DEPRECATED_OBJC_IMPLEMENTATIONS = YES;
				CLANG_WARN_DIRECT_OBJC_ISA_USAGE = YES_ERROR;
				CLANG_WARN_DOCUMENTATION_COMMENTS = YES;
				CLANG_WARN_EMPTY_BODY = YES;
				CLANG_WARN_ENUM_CONVERSION = YES;
				CLANG_WARN_INFINITE_RECURSION = YES;
				CLANG_WARN_INT_CONVERSION = YES;
				CLANG_WARN_NON_LITERAL_NULL_CONVERSION = YES;
				CLANG_WARN_OBJC_IMPLICIT_RETAIN_SELF = YES;
				CLANG_WARN_OBJC_LITERAL_CONVERSION = YES;
				CLANG_WARN_OBJC_ROOT_CLASS = YES_ERROR;
				CLANG_WARN_QUOTED_INCLUDE_IN_FRAMEWORK_HEADER = YES;
				CLANG_WARN_RANGE_LOOP_ANALYSIS = YES;
				CLANG_WARN_STRICT_PROTOTYPES = YES;
				CLANG_WARN_SUSPICIOUS_MOVE = YES;
				CLANG_WARN_UNGUARDED_AVAILABILITY = YES_AGGRESSIVE;
				CLANG_WARN_UNREACHABLE_CODE = YES;
				CLANG_WARN__DUPLICATE_METHOD_MATCH = YES;
				COPY_PHASE_STRIP = NO;
				DEBUG_INFORMATION_FORMAT = dwarf;
				ENABLE_STRICT_OBJC_MSGSEND = YES;
				ENABLE_TESTABILITY = YES;
				ENABLE_USER_SCRIPT_SANDBOXING = YES;
				GCC_C_LANGUAGE_STANDARD = gnu17;
				GCC_DYNAMIC_NO_PIC = NO;
				GCC_NO_COMMON_BLOCKS = YES;
				GCC_OPTIMIZATION_LEVEL = 0;
				GCC_PREPROCESSOR_DEFINITIONS = (
					"DEBUG=1",
					"$(inherited)",
				);
				GCC_WARN_64_TO_32_BIT_CONVERSION = YES;
				GCC_WARN_ABOUT_RETURN_TYPE = YES_ERROR;
				GCC_WARN_UNDECLARED_SELECTOR = YES;
				GCC_WARN_UNINITIALIZED_AUTOS = YES_AGGRESSIVE;
				GCC_WARN_UNUSED_FUNCTION = YES;
				GCC_WARN_UNUSED_VARIABLE = YES;
				LOCALIZATION_PREFERS_STRING_CATALOGS = YES;
				MACOSX_DEPLOYMENT_TARGET = 14.4;
				MTL_ENABLE_DEBUG_INFO = INCLUDE_SOURCE;
				MTL_FAST_MATH = YES;
				ONLY_ACTIVE_ARCH = YES;
				SDKROOT = macosx;
			};
			name = Debug;
		};
		14A829902BC9E5E900C89E72 /* Release */ = {
			isa = XCBuildConfiguration;
			buildSettings = {
				ALWAYS_SEARCH_USER_PATHS = NO;
				ASSETCATALOG_COMPILER_GENERATE_SWIFT_ASSET_SYMBOL_EXTENSIONS = YES;
				CLANG_ANALYZER_NONNULL = YES;
				CLANG_ANALYZER_NUMBER_OBJECT_CONVERSION = YES_AGGRESSIVE;
				CLANG_CXX_LANGUAGE_STANDARD = "gnu++20";
				CLANG_ENABLE_MODULES = YES;
				CLANG_ENABLE_OBJC_ARC = YES;
				CLANG_ENABLE_OBJC_WEAK = YES;
				CLANG_WARN_BLOCK_CAPTURE_AUTORELEASING = YES;
				CLANG_WARN_BOOL_CONVERSION = YES;
				CLANG_WARN_COMMA = YES;
				CLANG_WARN_CONSTANT_CONVERSION = YES;
				CLANG_WARN_DEPRECATED_OBJC_IMPLEMENTATIONS = YES;
				CLANG_WARN_DIRECT_OBJC_ISA_USAGE = YES_ERROR;
				CLANG_WARN_DOCUMENTATION_COMMENTS = YES;
				CLANG_WARN_EMPTY_BODY = YES;
				CLANG_WARN_ENUM_CONVERSION = YES;
				CLANG_WARN_INFINITE_RECURSION = YES;
				CLANG_WARN_INT_CONVERSION = YES;
				CLANG_WARN_NON_LITERAL_NULL_CONVERSION = YES;
				CLANG_WARN_OBJC_IMPLICIT_RETAIN_SELF = YES;
				CLANG_WARN_OBJC_LITERAL_CONVERSION = YES;
				CLANG_WARN_OBJC_ROOT_CLASS = YES_ERROR;
				CLANG_WARN_QUOTED_INCLUDE_IN_FRAMEWORK_HEADER = YES;
				CLANG_WARN_RANGE_LOOP_ANALYSIS = YES;
				CLANG_WARN_STRICT_PROTOTYPES = YES;
				CLANG_WARN_SUSPICIOUS_MOVE = YES;
				CLANG_WARN_UNGUARDED_AVAILABILITY = YES_AGGRESSIVE;
				CLANG_WARN_UNREACHABLE_CODE = YES;
				CLANG_WARN__DUPLICATE_METHOD_MATCH = YES;
				COPY_PHASE_STRIP = NO;
				DEBUG_INFORMATION_FORMAT = "dwarf-with-dsym";
				ENABLE_NS_ASSERTIONS = NO;
				ENABLE_STRICT_OBJC_MSGSEND = YES;
				ENABLE_USER_SCRIPT_SANDBOXING = YES;
				GCC_C_LANGUAGE_STANDARD = gnu17;
				GCC_NO_COMMON_BLOCKS = YES;
				GCC_WARN_64_TO_32_BIT_CONVERSION = YES;
				GCC_WARN_ABOUT_RETURN_TYPE = YES_ERROR;
				GCC_WARN_UNDECLARED_SELECTOR = YES;
				GCC_WARN_UNINITIALIZED_AUTOS = YES_AGGRESSIVE;
				GCC_WARN_UNUSED_FUNCTION = YES;
				GCC_WARN_UNUSED_VARIABLE = YES;
				LOCALIZATION_PREFERS_STRING_CATALOGS = YES;
				MACOSX_DEPLOYMENT_TARGET = 14.4;
				MTL_ENABLE_DEBUG_INFO = NO;
				MTL_FAST_MATH = YES;
				SDKROOT = macosx;
			};
			name = Release;
		};
		14A829922BC9E5E900C89E72 /* Debug */ = {
			isa = XCBuildConfiguration;
			buildSettings = {
				CODE_SIGN_STYLE = Automatic;
				PRODUCT_NAME = "$(TARGET_NAME)";
			};
			name = Debug;
		};
		14A829932BC9E5E900C89E72 /* Release */ = {
			isa = XCBuildConfiguration;
			buildSettings = {
				CODE_SIGN_STYLE = Automatic;
				PRODUCT_NAME = "$(TARGET_NAME)";
			};
			name = Release;
		};
/* End XCBuildConfiguration section */

/* Begin XCConfigurationList section */
		14A829852BC9E5E900C89E72 /* Build configuration list for PBXProject "ContactManager" */ = {
			isa = XCConfigurationList;
			buildConfigurations = (
				14A8298F2BC9E5E900C89E72 /* Debug */,
				14A829902BC9E5E900C89E72 /* Release */,
			);
			defaultConfigurationIsVisible = 0;
			defaultConfigurationName = Release;
		};
		14A829912BC9E5E900C89E72 /* Build configuration list for PBXNativeTarget "ContactManager" */ = {
			isa = XCConfigurationList;
			buildConfigurations = (
				14A829922BC9E5E900C89E72 /* Debug */,
				14A829932BC9E5E900C89E72 /* Release */,
			);
			defaultConfigurationIsVisible = 0;
			defaultConfigurationName = Release;
		};
/* End XCConfigurationList section */
	};
	rootObject = 14A829822BC9E5E900C89E72 /* Project object */;
}
